
Microsoft Visual Studio Solution File, Format Version 12.00
# Visual Studio Version 16
VisualStudioVersion = 16.0.31112.23
MinimumVisualStudioVersion = 10.0.40219.1
Project("{9A19103F-16F7-4668-BE54-9A1E7A4F7556}") = "SEDC.CsBasicHomework.Class02.RealCalculator", "SEDC.CsBasicHomework.Class02.RealCalculator\SEDC.CsBasicHomework.Class02.RealCalculator.csproj", "{4E1576C7-FA21-491B-9646-6167E4FB50C1}"
EndProject
Project("{9A19103F-16F7-4668-BE54-9A1E7A4F7556}") = "SEDC.CsBasicHomework.Class02.AverageNumber", "SEDC.CsBasicHomework.Class02.AverageNumber\SEDC.CsBasicHomework.Class02.AverageNumber.csproj", "{1E4C46C8-505A-42A1-B74F-D128C97927C3}"
EndProject
Project("{FAE04EC0-301F-11D3-BF4B-00C04F79EFBC}") = "SEDC.CsBasicHomework.Class02.SwapNumbers", "SEDC.CsBasicHomework.Class02.SwapNumbers\SEDC.CsBasicHomework.Class02.SwapNumbers.csproj", "{A9876754-4C91-4AA2-88D5-A2170B649B2F}"
EndProject
Global
	GlobalSection(SolutionConfigurationPlatforms) = preSolution
		Debug|Any CPU = Debug|Any CPU
		Release|Any CPU = Release|Any CPU
	EndGlobalSection
	GlobalSection(ProjectConfigurationPlatforms) = postSolution
		{4E1576C7-FA21-491B-9646-6167E4FB50C1}.Debug|Any CPU.ActiveCfg = Debug|Any CPU
		{4E1576C7-FA21-491B-9646-6167E4FB50C1}.Debug|Any CPU.Build.0 = Debug|Any CPU
		{4E1576C7-FA21-491B-9646-6167E4FB50C1}.Release|Any CPU.ActiveCfg = Release|Any CPU
		{4E1576C7-FA21-491B-9646-6167E4FB50C1}.Release|Any CPU.Build.0 = Release|Any CPU
		{1E4C46C8-505A-42A1-B74F-D128C97927C3}.Debug|Any CPU.ActiveCfg = Debug|Any CPU
		{1E4C46C8-505A-42A1-B74F-D128C97927C3}.Debug|Any CPU.Build.0 = Debug|Any CPU
		{1E4C46C8-505A-42A1-B74F-D128C97927C3}.Release|Any CPU.ActiveCfg = Release|Any CPU
		{1E4C46C8-505A-42A1-B74F-D128C97927C3}.Release|Any CPU.Build.0 = Release|Any CPU
		{A9876754-4C91-4AA2-88D5-A2170B649B2F}.Debug|Any CPU.ActiveCfg = Debug|Any CPU
		{A9876754-4C91-4AA2-88D5-A2170B649B2F}.Debug|Any CPU.Build.0 = Debug|Any CPU
		{A9876754-4C91-4AA2-88D5-A2170B649B2F}.Release|Any CPU.ActiveCfg = Release|Any CPU
		{A9876754-4C91-4AA2-88D5-A2170B649B2F}.Release|Any CPU.Build.0 = Release|Any CPU
	EndGlobalSection
	GlobalSection(SolutionProperties) = preSolution
		HideSolutionNode = FALSE
	EndGlobalSection
	GlobalSection(ExtensibilityGlobals) = postSolution
		SolutionGuid = {888B50FC-6528-46B6-89C9-70DF5FB1DA38}
	EndGlobalSection
EndGlobal
